// !$*UTF8*$!
{
	archiveVersion = 1;
	classes = {
	};
	objectVersion = 52;
	objects = {

/* Begin PBXBuildFile section */
		8A37F811255E883D001EDE62 /* AppDelegate.swift in Sources */ = {isa = PBXBuildFile; fileRef = 8A37F810255E883D001EDE62 /* AppDelegate.swift */; };
		8A37F813255E883D001EDE62 /* SceneDelegate.swift in Sources */ = {isa = PBXBuildFile; fileRef = 8A37F812255E883D001EDE62 /* SceneDelegate.swift */; };
		8A37F818255E883D001EDE62 /* Main.storyboard in Resources */ = {isa = PBXBuildFile; fileRef = 8A37F816255E883D001EDE62 /* Main.storyboard */; };
		8A37F81A255E8841001EDE62 /* Assets.xcassets in Resources */ = {isa = PBXBuildFile; fileRef = 8A37F819255E8841001EDE62 /* Assets.xcassets */; };
		8A37F81D255E8841001EDE62 /* LaunchScreen.storyboard in Resources */ = {isa = PBXBuildFile; fileRef = 8A37F81B255E8841001EDE62 /* LaunchScreen.storyboard */; };
		8A37F833255E8842001EDE62 /* WeatherTestUITests.swift in Sources */ = {isa = PBXBuildFile; fileRef = 8A37F832255E8842001EDE62 /* WeatherTestUITests.swift */; };
		8A37F84B255ECE26001EDE62 /* MainPresenter.swift in Sources */ = {isa = PBXBuildFile; fileRef = 8A37F845255ECE26001EDE62 /* MainPresenter.swift */; };
		8A37F84C255ECE26001EDE62 /* MainWorker.swift in Sources */ = {isa = PBXBuildFile; fileRef = 8A37F846255ECE26001EDE62 /* MainWorker.swift */; };
		8A37F84D255ECE26001EDE62 /* MainRouter.swift in Sources */ = {isa = PBXBuildFile; fileRef = 8A37F847255ECE26001EDE62 /* MainRouter.swift */; };
		8A37F84E255ECE26001EDE62 /* MainModels.swift in Sources */ = {isa = PBXBuildFile; fileRef = 8A37F848255ECE26001EDE62 /* MainModels.swift */; };
		8A37F84F255ECE26001EDE62 /* MainViewController.swift in Sources */ = {isa = PBXBuildFile; fileRef = 8A37F849255ECE26001EDE62 /* MainViewController.swift */; };
		8A37F850255ECE26001EDE62 /* MainInteractor.swift in Sources */ = {isa = PBXBuildFile; fileRef = 8A37F84A255ECE26001EDE62 /* MainInteractor.swift */; };
		8A37F86A255EE457001EDE62 /* UiView+.swift in Sources */ = {isa = PBXBuildFile; fileRef = 8A37F863255EE457001EDE62 /* UiView+.swift */; };
		8A37F86C255EE457001EDE62 /* UIVIewController.swift in Sources */ = {isa = PBXBuildFile; fileRef = 8A37F865255EE457001EDE62 /* UIVIewController.swift */; };
		8A37F88B255EE52A001EDE62 /* Kingfisher in Frameworks */ = {isa = PBXBuildFile; productRef = 8A37F88A255EE52A001EDE62 /* Kingfisher */; };
		8A37F8A0255EE899001EDE62 /* Moya in Frameworks */ = {isa = PBXBuildFile; productRef = 8A37F89F255EE899001EDE62 /* Moya */; };
		8A37F8A5255EE8E0001EDE62 /* OpenWeatherService.swift in Sources */ = {isa = PBXBuildFile; fileRef = 8A37F8A4255EE8E0001EDE62 /* OpenWeatherService.swift */; };
		8A37F8AE255EF487001EDE62 /* WeatherModel.swift in Sources */ = {isa = PBXBuildFile; fileRef = 8A37F8AD255EF487001EDE62 /* WeatherModel.swift */; };
		8A37F8B6255EF6AB001EDE62 /* ForecastModel.swift in Sources */ = {isa = PBXBuildFile; fileRef = 8A37F8B5255EF6AB001EDE62 /* ForecastModel.swift */; };
		8A37F8C42560453A001EDE62 /* Double+.swift in Sources */ = {isa = PBXBuildFile; fileRef = 8A37F8C32560453A001EDE62 /* Double+.swift */; };
		8A37F8E72560B56E001EDE62 /* ForecastPresenter.swift in Sources */ = {isa = PBXBuildFile; fileRef = 8A37F8E12560B56E001EDE62 /* ForecastPresenter.swift */; };
		8A37F8E82560B56E001EDE62 /* ForecastWorker.swift in Sources */ = {isa = PBXBuildFile; fileRef = 8A37F8E22560B56E001EDE62 /* ForecastWorker.swift */; };
		8A37F8E92560B56E001EDE62 /* ForecastRouter.swift in Sources */ = {isa = PBXBuildFile; fileRef = 8A37F8E32560B56E001EDE62 /* ForecastRouter.swift */; };
		8A37F8EA2560B56E001EDE62 /* ForecastModels.swift in Sources */ = {isa = PBXBuildFile; fileRef = 8A37F8E42560B56E001EDE62 /* ForecastModels.swift */; };
		8A37F8EB2560B56E001EDE62 /* ForecastViewController.swift in Sources */ = {isa = PBXBuildFile; fileRef = 8A37F8E52560B56E001EDE62 /* ForecastViewController.swift */; };
		8A37F8EC2560B56E001EDE62 /* ForecastInteractor.swift in Sources */ = {isa = PBXBuildFile; fileRef = 8A37F8E62560B56E001EDE62 /* ForecastInteractor.swift */; };
		8A37F8F12560CE62001EDE62 /* ForecastViewCell.swift in Sources */ = {isa = PBXBuildFile; fileRef = 8A37F8F02560CE62001EDE62 /* ForecastViewCell.swift */; };
		8AC2E6D025617E1B007A7829 /* MainPresenterTests.swift in Sources */ = {isa = PBXBuildFile; fileRef = 8AC2E6CF25617E1B007A7829 /* MainPresenterTests.swift */; };
		8AC2E72725618D44007A7829 /* ForecastInteractorTests.swift in Sources */ = {isa = PBXBuildFile; fileRef = 8AC2E72225618D43007A7829 /* ForecastInteractorTests.swift */; };
		8AC2E72825618D44007A7829 /* ForecastPresenterTests.swift in Sources */ = {isa = PBXBuildFile; fileRef = 8AC2E72325618D43007A7829 /* ForecastPresenterTests.swift */; };
		8AC2E72925618D44007A7829 /* SpyForecastPresenter.swift in Sources */ = {isa = PBXBuildFile; fileRef = 8AC2E72525618D43007A7829 /* SpyForecastPresenter.swift */; };
		8AC2E72A25618D44007A7829 /* SpyForecastViewController.swift in Sources */ = {isa = PBXBuildFile; fileRef = 8AC2E72625618D43007A7829 /* SpyForecastViewController.swift */; };
		8AF4FF3525615A3200CEDCF3 /* Weather.json in Resources */ = {isa = PBXBuildFile; fileRef = 8AF4FF3425615A3200CEDCF3 /* Weather.json */; };
		8AF4FF3B25615A8B00CEDCF3 /* Forecast.json in Resources */ = {isa = PBXBuildFile; fileRef = 8AF4FF3A25615A8B00CEDCF3 /* Forecast.json */; };
		8AF4FF4025615BD000CEDCF3 /* MainInteractorTests.swift in Sources */ = {isa = PBXBuildFile; fileRef = 8AF4FF3F25615BD000CEDCF3 /* MainInteractorTests.swift */; };
		8AF4FF4925615C1B00CEDCF3 /* SpyMainPresenter.swift in Sources */ = {isa = PBXBuildFile; fileRef = 8AF4FF4825615C1B00CEDCF3 /* SpyMainPresenter.swift */; };
		8AF4FF54256173C300CEDCF3 /* SpyMainViewController.swift in Sources */ = {isa = PBXBuildFile; fileRef = 8AF4FF53256173C300CEDCF3 /* SpyMainViewController.swift */; };
/* End PBXBuildFile section */

/* Begin PBXContainerItemProxy section */
		8A37F824255E8842001EDE62 /* PBXContainerItemProxy */ = {
			isa = PBXContainerItemProxy;
			containerPortal = 8A37F805255E883D001EDE62 /* Project object */;
			proxyType = 1;
			remoteGlobalIDString = 8A37F80C255E883D001EDE62;
			remoteInfo = WeatherTest;
		};
		8A37F82F255E8842001EDE62 /* PBXContainerItemProxy */ = {
			isa = PBXContainerItemProxy;
			containerPortal = 8A37F805255E883D001EDE62 /* Project object */;
			proxyType = 1;
			remoteGlobalIDString = 8A37F80C255E883D001EDE62;
			remoteInfo = WeatherTest;
		};
/* End PBXContainerItemProxy section */

/* Begin PBXFileReference section */
		8A37F80D255E883D001EDE62 /* WeatherTest.app */ = {isa = PBXFileReference; explicitFileType = wrapper.application; includeInIndex = 0; path = WeatherTest.app; sourceTree = BUILT_PRODUCTS_DIR; };
		8A37F810255E883D001EDE62 /* AppDelegate.swift */ = {isa = PBXFileReference; lastKnownFileType = sourcecode.swift; path = AppDelegate.swift; sourceTree = "<group>"; };
		8A37F812255E883D001EDE62 /* SceneDelegate.swift */ = {isa = PBXFileReference; lastKnownFileType = sourcecode.swift; path = SceneDelegate.swift; sourceTree = "<group>"; };
		8A37F817255E883D001EDE62 /* Base */ = {isa = PBXFileReference; lastKnownFileType = file.storyboard; name = Base; path = Base.lproj/Main.storyboard; sourceTree = "<group>"; };
		8A37F819255E8841001EDE62 /* Assets.xcassets */ = {isa = PBXFileReference; lastKnownFileType = folder.assetcatalog; path = Assets.xcassets; sourceTree = "<group>"; };
		8A37F81C255E8841001EDE62 /* Base */ = {isa = PBXFileReference; lastKnownFileType = file.storyboard; name = Base; path = Base.lproj/LaunchScreen.storyboard; sourceTree = "<group>"; };
		8A37F81E255E8841001EDE62 /* Info.plist */ = {isa = PBXFileReference; lastKnownFileType = text.plist.xml; path = Info.plist; sourceTree = "<group>"; };
		8A37F823255E8842001EDE62 /* WeatherTestTests.xctest */ = {isa = PBXFileReference; explicitFileType = wrapper.cfbundle; includeInIndex = 0; path = WeatherTestTests.xctest; sourceTree = BUILT_PRODUCTS_DIR; };
		8A37F829255E8842001EDE62 /* Info.plist */ = {isa = PBXFileReference; lastKnownFileType = text.plist.xml; path = Info.plist; sourceTree = "<group>"; };
		8A37F82E255E8842001EDE62 /* WeatherTestUITests.xctest */ = {isa = PBXFileReference; explicitFileType = wrapper.cfbundle; includeInIndex = 0; path = WeatherTestUITests.xctest; sourceTree = BUILT_PRODUCTS_DIR; };
		8A37F832255E8842001EDE62 /* WeatherTestUITests.swift */ = {isa = PBXFileReference; lastKnownFileType = sourcecode.swift; path = WeatherTestUITests.swift; sourceTree = "<group>"; };
		8A37F834255E8842001EDE62 /* Info.plist */ = {isa = PBXFileReference; lastKnownFileType = text.plist.xml; path = Info.plist; sourceTree = "<group>"; };
		8A37F845255ECE26001EDE62 /* MainPresenter.swift */ = {isa = PBXFileReference; lastKnownFileType = sourcecode.swift; path = MainPresenter.swift; sourceTree = "<group>"; };
		8A37F846255ECE26001EDE62 /* MainWorker.swift */ = {isa = PBXFileReference; lastKnownFileType = sourcecode.swift; path = MainWorker.swift; sourceTree = "<group>"; };
		8A37F847255ECE26001EDE62 /* MainRouter.swift */ = {isa = PBXFileReference; lastKnownFileType = sourcecode.swift; path = MainRouter.swift; sourceTree = "<group>"; };
		8A37F848255ECE26001EDE62 /* MainModels.swift */ = {isa = PBXFileReference; lastKnownFileType = sourcecode.swift; path = MainModels.swift; sourceTree = "<group>"; };
		8A37F849255ECE26001EDE62 /* MainViewController.swift */ = {isa = PBXFileReference; lastKnownFileType = sourcecode.swift; path = MainViewController.swift; sourceTree = "<group>"; };
		8A37F84A255ECE26001EDE62 /* MainInteractor.swift */ = {isa = PBXFileReference; lastKnownFileType = sourcecode.swift; path = MainInteractor.swift; sourceTree = "<group>"; };
		8A37F863255EE457001EDE62 /* UiView+.swift */ = {isa = PBXFileReference; fileEncoding = 4; lastKnownFileType = sourcecode.swift; path = "UiView+.swift"; sourceTree = "<group>"; };
		8A37F865255EE457001EDE62 /* UIVIewController.swift */ = {isa = PBXFileReference; fileEncoding = 4; lastKnownFileType = sourcecode.swift; path = UIVIewController.swift; sourceTree = "<group>"; };
		8A37F8A4255EE8E0001EDE62 /* OpenWeatherService.swift */ = {isa = PBXFileReference; lastKnownFileType = sourcecode.swift; path = OpenWeatherService.swift; sourceTree = "<group>"; };
		8A37F8AD255EF487001EDE62 /* WeatherModel.swift */ = {isa = PBXFileReference; lastKnownFileType = sourcecode.swift; path = WeatherModel.swift; sourceTree = "<group>"; };
		8A37F8B5255EF6AB001EDE62 /* ForecastModel.swift */ = {isa = PBXFileReference; lastKnownFileType = sourcecode.swift; path = ForecastModel.swift; sourceTree = "<group>"; };
		8A37F8C32560453A001EDE62 /* Double+.swift */ = {isa = PBXFileReference; lastKnownFileType = sourcecode.swift; path = "Double+.swift"; sourceTree = "<group>"; };
		8A37F8E12560B56E001EDE62 /* ForecastPresenter.swift */ = {isa = PBXFileReference; lastKnownFileType = sourcecode.swift; path = ForecastPresenter.swift; sourceTree = "<group>"; };
		8A37F8E22560B56E001EDE62 /* ForecastWorker.swift */ = {isa = PBXFileReference; lastKnownFileType = sourcecode.swift; path = ForecastWorker.swift; sourceTree = "<group>"; };
		8A37F8E32560B56E001EDE62 /* ForecastRouter.swift */ = {isa = PBXFileReference; lastKnownFileType = sourcecode.swift; path = ForecastRouter.swift; sourceTree = "<group>"; };
		8A37F8E42560B56E001EDE62 /* ForecastModels.swift */ = {isa = PBXFileReference; lastKnownFileType = sourcecode.swift; path = ForecastModels.swift; sourceTree = "<group>"; };
		8A37F8E52560B56E001EDE62 /* ForecastViewController.swift */ = {isa = PBXFileReference; lastKnownFileType = sourcecode.swift; path = ForecastViewController.swift; sourceTree = "<group>"; };
		8A37F8E62560B56E001EDE62 /* ForecastInteractor.swift */ = {isa = PBXFileReference; lastKnownFileType = sourcecode.swift; path = ForecastInteractor.swift; sourceTree = "<group>"; };
		8A37F8F02560CE62001EDE62 /* ForecastViewCell.swift */ = {isa = PBXFileReference; lastKnownFileType = sourcecode.swift; path = ForecastViewCell.swift; sourceTree = "<group>"; };
		8AC2E6CF25617E1B007A7829 /* MainPresenterTests.swift */ = {isa = PBXFileReference; fileEncoding = 4; lastKnownFileType = sourcecode.swift; path = MainPresenterTests.swift; sourceTree = "<group>"; };
		8AC2E72225618D43007A7829 /* ForecastInteractorTests.swift */ = {isa = PBXFileReference; fileEncoding = 4; lastKnownFileType = sourcecode.swift; path = ForecastInteractorTests.swift; sourceTree = "<group>"; };
		8AC2E72325618D43007A7829 /* ForecastPresenterTests.swift */ = {isa = PBXFileReference; fileEncoding = 4; lastKnownFileType = sourcecode.swift; path = ForecastPresenterTests.swift; sourceTree = "<group>"; };
		8AC2E72525618D43007A7829 /* SpyForecastPresenter.swift */ = {isa = PBXFileReference; fileEncoding = 4; lastKnownFileType = sourcecode.swift; path = SpyForecastPresenter.swift; sourceTree = "<group>"; };
		8AC2E72625618D43007A7829 /* SpyForecastViewController.swift */ = {isa = PBXFileReference; fileEncoding = 4; lastKnownFileType = sourcecode.swift; path = SpyForecastViewController.swift; sourceTree = "<group>"; };
		8AF4FF3425615A3200CEDCF3 /* Weather.json */ = {isa = PBXFileReference; fileEncoding = 4; lastKnownFileType = text.json; path = Weather.json; sourceTree = "<group>"; };
		8AF4FF3A25615A8B00CEDCF3 /* Forecast.json */ = {isa = PBXFileReference; fileEncoding = 4; lastKnownFileType = text.json; path = Forecast.json; sourceTree = "<group>"; };
		8AF4FF3F25615BD000CEDCF3 /* MainInteractorTests.swift */ = {isa = PBXFileReference; lastKnownFileType = sourcecode.swift; path = MainInteractorTests.swift; sourceTree = "<group>"; };
		8AF4FF4825615C1B00CEDCF3 /* SpyMainPresenter.swift */ = {isa = PBXFileReference; lastKnownFileType = sourcecode.swift; path = SpyMainPresenter.swift; sourceTree = "<group>"; };
		8AF4FF53256173C300CEDCF3 /* SpyMainViewController.swift */ = {isa = PBXFileReference; fileEncoding = 4; lastKnownFileType = sourcecode.swift; path = SpyMainViewController.swift; sourceTree = "<group>"; };
/* End PBXFileReference section */

/* Begin PBXFrameworksBuildPhase section */
		8A37F80A255E883D001EDE62 /* Frameworks */ = {
			isa = PBXFrameworksBuildPhase;
			buildActionMask = 2147483647;
			files = (
				8A37F8A0255EE899001EDE62 /* Moya in Frameworks */,
				8A37F88B255EE52A001EDE62 /* Kingfisher in Frameworks */,
			);
			runOnlyForDeploymentPostprocessing = 0;
		};
		8A37F820255E8842001EDE62 /* Frameworks */ = {
			isa = PBXFrameworksBuildPhase;
			buildActionMask = 2147483647;
			files = (
			);
			runOnlyForDeploymentPostprocessing = 0;
		};
		8A37F82B255E8842001EDE62 /* Frameworks */ = {
			isa = PBXFrameworksBuildPhase;
			buildActionMask = 2147483647;
			files = (
			);
			runOnlyForDeploymentPostprocessing = 0;
		};
/* End PBXFrameworksBuildPhase section */

/* Begin PBXGroup section */
		8A37F804255E883D001EDE62 = {
			isa = PBXGroup;
			children = (
				8A37F80F255E883D001EDE62 /* WeatherTest */,
				8A37F826255E8842001EDE62 /* WeatherTestTests */,
				8A37F831255E8842001EDE62 /* WeatherTestUITests */,
				8A37F80E255E883D001EDE62 /* Products */,
			);
			sourceTree = "<group>";
		};
		8A37F80E255E883D001EDE62 /* Products */ = {
			isa = PBXGroup;
			children = (
				8A37F80D255E883D001EDE62 /* WeatherTest.app */,
				8A37F823255E8842001EDE62 /* WeatherTestTests.xctest */,
				8A37F82E255E8842001EDE62 /* WeatherTestUITests.xctest */,
			);
			name = Products;
			sourceTree = "<group>";
		};
		8A37F80F255E883D001EDE62 /* WeatherTest */ = {
			isa = PBXGroup;
			children = (
				8A37F871255EE48E001EDE62 /* Services */,
				8A37F85F255EE457001EDE62 /* Extension */,
				8A37F843255ECC6B001EDE62 /* Module */,
				8A37F810255E883D001EDE62 /* AppDelegate.swift */,
				8A37F812255E883D001EDE62 /* SceneDelegate.swift */,
				8A37F816255E883D001EDE62 /* Main.storyboard */,
				8A37F819255E8841001EDE62 /* Assets.xcassets */,
				8A37F81B255E8841001EDE62 /* LaunchScreen.storyboard */,
				8A37F81E255E8841001EDE62 /* Info.plist */,
			);
			path = WeatherTest;
			sourceTree = "<group>";
		};
		8A37F826255E8842001EDE62 /* WeatherTestTests */ = {
			isa = PBXGroup;
			children = (
				8AF4FF33256159E000CEDCF3 /* Main */,
				8AC2E6DA256188CC007A7829 /* Forecast */,
				8A37F829255E8842001EDE62 /* Info.plist */,
			);
			path = WeatherTestTests;
			sourceTree = "<group>";
		};
		8A37F831255E8842001EDE62 /* WeatherTestUITests */ = {
			isa = PBXGroup;
			children = (
				8A37F832255E8842001EDE62 /* WeatherTestUITests.swift */,
				8A37F834255E8842001EDE62 /* Info.plist */,
			);
			path = WeatherTestUITests;
			sourceTree = "<group>";
		};
		8A37F843255ECC6B001EDE62 /* Module */ = {
			isa = PBXGroup;
			children = (
				8A37F8CB2560B471001EDE62 /* Forecast */,
				8A37F844255ECDF8001EDE62 /* Main */,
			);
			path = Module;
			sourceTree = "<group>";
		};
		8A37F844255ECDF8001EDE62 /* Main */ = {
			isa = PBXGroup;
			children = (
				8A37F845255ECE26001EDE62 /* MainPresenter.swift */,
				8A37F846255ECE26001EDE62 /* MainWorker.swift */,
				8A37F847255ECE26001EDE62 /* MainRouter.swift */,
				8A37F848255ECE26001EDE62 /* MainModels.swift */,
				8A37F849255ECE26001EDE62 /* MainViewController.swift */,
				8A37F84A255ECE26001EDE62 /* MainInteractor.swift */,
			);
			path = Main;
			sourceTree = "<group>";
		};
		8A37F85F255EE457001EDE62 /* Extension */ = {
			isa = PBXGroup;
			children = (
				8A37F863255EE457001EDE62 /* UiView+.swift */,
				8A37F865255EE457001EDE62 /* UIVIewController.swift */,
				8A37F8C32560453A001EDE62 /* Double+.swift */,
			);
			path = Extension;
			sourceTree = "<group>";
		};
		8A37F871255EE48E001EDE62 /* Services */ = {
			isa = PBXGroup;
			children = (
				8AF4FF3925615A5100CEDCF3 /* Mock */,
				8A37F8AC255EF3A4001EDE62 /* Model */,
				8A37F8A4255EE8E0001EDE62 /* OpenWeatherService.swift */,
			);
			path = Services;
			sourceTree = "<group>";
		};
		8A37F8AC255EF3A4001EDE62 /* Model */ = {
			isa = PBXGroup;
			children = (
				8A37F8AD255EF487001EDE62 /* WeatherModel.swift */,
				8A37F8B5255EF6AB001EDE62 /* ForecastModel.swift */,
			);
			path = Model;
			sourceTree = "<group>";
		};
		8A37F8CB2560B471001EDE62 /* Forecast */ = {
			isa = PBXGroup;
			children = (
				8A37F8E12560B56E001EDE62 /* ForecastPresenter.swift */,
				8A37F8E22560B56E001EDE62 /* ForecastWorker.swift */,
				8A37F8E32560B56E001EDE62 /* ForecastRouter.swift */,
				8A37F8E42560B56E001EDE62 /* ForecastModels.swift */,
				8A37F8E52560B56E001EDE62 /* ForecastViewController.swift */,
				8A37F8E62560B56E001EDE62 /* ForecastInteractor.swift */,
				8A37F8F02560CE62001EDE62 /* ForecastViewCell.swift */,
			);
			path = Forecast;
			sourceTree = "<group>";
		};
		8AC2E6DA256188CC007A7829 /* Forecast */ = {
			isa = PBXGroup;
			children = (
				8AC2E72225618D43007A7829 /* ForecastInteractorTests.swift */,
				8AC2E72325618D43007A7829 /* ForecastPresenterTests.swift */,
				8AC2E72425618D43007A7829 /* Spy */,
			);
			path = Forecast;
			sourceTree = "<group>";
		};
		8AC2E72425618D43007A7829 /* Spy */ = {
			isa = PBXGroup;
			children = (
				8AC2E72525618D43007A7829 /* SpyForecastPresenter.swift */,
				8AC2E72625618D43007A7829 /* SpyForecastViewController.swift */,
			);
			path = Spy;
			sourceTree = "<group>";
		};
		8AF4FF33256159E000CEDCF3 /* Main */ = {
			isa = PBXGroup;
			children = (
				8AF4FF3F25615BD000CEDCF3 /* MainInteractorTests.swift */,
				8AC2E6CF25617E1B007A7829 /* MainPresenterTests.swift */,
				8AF4FF4725615BFB00CEDCF3 /* Spy */,
			);
			path = Main;
			sourceTree = "<group>";
		};
		8AF4FF3925615A5100CEDCF3 /* Mock */ = {
			isa = PBXGroup;
			children = (
				8AF4FF3A25615A8B00CEDCF3 /* Forecast.json */,
				8AF4FF3425615A3200CEDCF3 /* Weather.json */,
			);
			path = Mock;
			sourceTree = "<group>";
		};
		8AF4FF4725615BFB00CEDCF3 /* Spy */ = {
			isa = PBXGroup;
			children = (
				8AF4FF4825615C1B00CEDCF3 /* SpyMainPresenter.swift */,
				8AF4FF53256173C300CEDCF3 /* SpyMainViewController.swift */,
			);
			path = Spy;
			sourceTree = "<group>";
		};
/* End PBXGroup section */

/* Begin PBXNativeTarget section */
		8A37F80C255E883D001EDE62 /* WeatherTest */ = {
			isa = PBXNativeTarget;
			buildConfigurationList = 8A37F837255E8842001EDE62 /* Build configuration list for PBXNativeTarget "WeatherTest" */;
			buildPhases = (
				8A37F809255E883D001EDE62 /* Sources */,
				8A37F80A255E883D001EDE62 /* Frameworks */,
				8A37F80B255E883D001EDE62 /* Resources */,
			);
			buildRules = (
			);
			dependencies = (
			);
			name = WeatherTest;
			packageProductDependencies = (
				8A37F88A255EE52A001EDE62 /* Kingfisher */,
				8A37F89F255EE899001EDE62 /* Moya */,
			);
			productName = WeatherTest;
			productReference = 8A37F80D255E883D001EDE62 /* WeatherTest.app */;
			productType = "com.apple.product-type.application";
		};
		8A37F822255E8842001EDE62 /* WeatherTestTests */ = {
			isa = PBXNativeTarget;
			buildConfigurationList = 8A37F83A255E8842001EDE62 /* Build configuration list for PBXNativeTarget "WeatherTestTests" */;
			buildPhases = (
				8A37F81F255E8842001EDE62 /* Sources */,
				8A37F820255E8842001EDE62 /* Frameworks */,
				8A37F821255E8842001EDE62 /* Resources */,
			);
			buildRules = (
			);
			dependencies = (
				8A37F825255E8842001EDE62 /* PBXTargetDependency */,
			);
			name = WeatherTestTests;
			productName = WeatherTestTests;
			productReference = 8A37F823255E8842001EDE62 /* WeatherTestTests.xctest */;
			productType = "com.apple.product-type.bundle.unit-test";
		};
		8A37F82D255E8842001EDE62 /* WeatherTestUITests */ = {
			isa = PBXNativeTarget;
			buildConfigurationList = 8A37F83D255E8842001EDE62 /* Build configuration list for PBXNativeTarget "WeatherTestUITests" */;
			buildPhases = (
				8A37F82A255E8842001EDE62 /* Sources */,
				8A37F82B255E8842001EDE62 /* Frameworks */,
				8A37F82C255E8842001EDE62 /* Resources */,
			);
			buildRules = (
			);
			dependencies = (
				8A37F830255E8842001EDE62 /* PBXTargetDependency */,
			);
			name = WeatherTestUITests;
			productName = WeatherTestUITests;
			productReference = 8A37F82E255E8842001EDE62 /* WeatherTestUITests.xctest */;
			productType = "com.apple.product-type.bundle.ui-testing";
		};
/* End PBXNativeTarget section */

/* Begin PBXProject section */
		8A37F805255E883D001EDE62 /* Project object */ = {
			isa = PBXProject;
			attributes = {
				LastSwiftUpdateCheck = 1200;
				LastUpgradeCheck = 1200;
				TargetAttributes = {
					8A37F80C255E883D001EDE62 = {
						CreatedOnToolsVersion = 12.0.1;
					};
					8A37F822255E8842001EDE62 = {
						CreatedOnToolsVersion = 12.0.1;
						TestTargetID = 8A37F80C255E883D001EDE62;
					};
					8A37F82D255E8842001EDE62 = {
						CreatedOnToolsVersion = 12.0.1;
						TestTargetID = 8A37F80C255E883D001EDE62;
					};
				};
			};
			buildConfigurationList = 8A37F808255E883D001EDE62 /* Build configuration list for PBXProject "WeatherTest" */;
			compatibilityVersion = "Xcode 9.3";
			developmentRegion = en;
			hasScannedForEncodings = 0;
			knownRegions = (
				en,
				Base,
			);
			mainGroup = 8A37F804255E883D001EDE62;
			packageReferences = (
				8A37F889255EE52A001EDE62 /* XCRemoteSwiftPackageReference "Kingfisher" */,
				8A37F89E255EE899001EDE62 /* XCRemoteSwiftPackageReference "Moya" */,
			);
			productRefGroup = 8A37F80E255E883D001EDE62 /* Products */;
			projectDirPath = "";
			projectRoot = "";
			targets = (
				8A37F80C255E883D001EDE62 /* WeatherTest */,
				8A37F822255E8842001EDE62 /* WeatherTestTests */,
				8A37F82D255E8842001EDE62 /* WeatherTestUITests */,
			);
		};
/* End PBXProject section */

/* Begin PBXResourcesBuildPhase section */
		8A37F80B255E883D001EDE62 /* Resources */ = {
			isa = PBXResourcesBuildPhase;
			buildActionMask = 2147483647;
			files = (
				8A37F81D255E8841001EDE62 /* LaunchScreen.storyboard in Resources */,
				8A37F81A255E8841001EDE62 /* Assets.xcassets in Resources */,
				8AF4FF3525615A3200CEDCF3 /* Weather.json in Resources */,
				8AF4FF3B25615A8B00CEDCF3 /* Forecast.json in Resources */,
				8A37F818255E883D001EDE62 /* Main.storyboard in Resources */,
			);
			runOnlyForDeploymentPostprocessing = 0;
		};
		8A37F821255E8842001EDE62 /* Resources */ = {
			isa = PBXResourcesBuildPhase;
			buildActionMask = 2147483647;
			files = (
			);
			runOnlyForDeploymentPostprocessing = 0;
		};
		8A37F82C255E8842001EDE62 /* Resources */ = {
			isa = PBXResourcesBuildPhase;
			buildActionMask = 2147483647;
			files = (
			);
			runOnlyForDeploymentPostprocessing = 0;
		};
/* End PBXResourcesBuildPhase section */

/* Begin PBXSourcesBuildPhase section */
		8A37F809255E883D001EDE62 /* Sources */ = {
			isa = PBXSourcesBuildPhase;
			buildActionMask = 2147483647;
			files = (
				8A37F86A255EE457001EDE62 /* UiView+.swift in Sources */,
				8A37F811255E883D001EDE62 /* AppDelegate.swift in Sources */,
				8A37F8E82560B56E001EDE62 /* ForecastWorker.swift in Sources */,
				8A37F8C42560453A001EDE62 /* Double+.swift in Sources */,
				8A37F8F12560CE62001EDE62 /* ForecastViewCell.swift in Sources */,
				8A37F8A5255EE8E0001EDE62 /* OpenWeatherService.swift in Sources */,
				8A37F813255E883D001EDE62 /* SceneDelegate.swift in Sources */,
				8A37F8B6255EF6AB001EDE62 /* ForecastModel.swift in Sources */,
				8A37F84C255ECE26001EDE62 /* MainWorker.swift in Sources */,
				8A37F8EB2560B56E001EDE62 /* ForecastViewController.swift in Sources */,
				8A37F84B255ECE26001EDE62 /* MainPresenter.swift in Sources */,
				8A37F8EC2560B56E001EDE62 /* ForecastInteractor.swift in Sources */,
				8A37F8EA2560B56E001EDE62 /* ForecastModels.swift in Sources */,
				8A37F850255ECE26001EDE62 /* MainInteractor.swift in Sources */,
				8A37F84E255ECE26001EDE62 /* MainModels.swift in Sources */,
				8A37F84D255ECE26001EDE62 /* MainRouter.swift in Sources */,
				8A37F8E92560B56E001EDE62 /* ForecastRouter.swift in Sources */,
				8A37F8AE255EF487001EDE62 /* WeatherModel.swift in Sources */,
				8A37F86C255EE457001EDE62 /* UIVIewController.swift in Sources */,
				8A37F8E72560B56E001EDE62 /* ForecastPresenter.swift in Sources */,
				8A37F84F255ECE26001EDE62 /* MainViewController.swift in Sources */,
			);
			runOnlyForDeploymentPostprocessing = 0;
		};
		8A37F81F255E8842001EDE62 /* Sources */ = {
			isa = PBXSourcesBuildPhase;
			buildActionMask = 2147483647;
			files = (
				8AF4FF54256173C300CEDCF3 /* SpyMainViewController.swift in Sources */,
				8AC2E72825618D44007A7829 /* ForecastPresenterTests.swift in Sources */,
				8AC2E72925618D44007A7829 /* SpyForecastPresenter.swift in Sources */,
				8AC2E72725618D44007A7829 /* ForecastInteractorTests.swift in Sources */,
				8AC2E72A25618D44007A7829 /* SpyForecastViewController.swift in Sources */,
				8AF4FF4925615C1B00CEDCF3 /* SpyMainPresenter.swift in Sources */,
				8AC2E6D025617E1B007A7829 /* MainPresenterTests.swift in Sources */,
				8AF4FF4025615BD000CEDCF3 /* MainInteractorTests.swift in Sources */,
			);
			runOnlyForDeploymentPostprocessing = 0;
		};
		8A37F82A255E8842001EDE62 /* Sources */ = {
			isa = PBXSourcesBuildPhase;
			buildActionMask = 2147483647;
			files = (
				8A37F833255E8842001EDE62 /* WeatherTestUITests.swift in Sources */,
			);
			runOnlyForDeploymentPostprocessing = 0;
		};
/* End PBXSourcesBuildPhase section */

/* Begin PBXTargetDependency section */
		8A37F825255E8842001EDE62 /* PBXTargetDependency */ = {
			isa = PBXTargetDependency;
			target = 8A37F80C255E883D001EDE62 /* WeatherTest */;
			targetProxy = 8A37F824255E8842001EDE62 /* PBXContainerItemProxy */;
		};
		8A37F830255E8842001EDE62 /* PBXTargetDependency */ = {
			isa = PBXTargetDependency;
			target = 8A37F80C255E883D001EDE62 /* WeatherTest */;
			targetProxy = 8A37F82F255E8842001EDE62 /* PBXContainerItemProxy */;
		};
/* End PBXTargetDependency section */

/* Begin PBXVariantGroup section */
		8A37F816255E883D001EDE62 /* Main.storyboard */ = {
			isa = PBXVariantGroup;
			children = (
				8A37F817255E883D001EDE62 /* Base */,
			);
			name = Main.storyboard;
			sourceTree = "<group>";
		};
		8A37F81B255E8841001EDE62 /* LaunchScreen.storyboard */ = {
			isa = PBXVariantGroup;
			children = (
				8A37F81C255E8841001EDE62 /* Base */,
			);
			name = LaunchScreen.storyboard;
			sourceTree = "<group>";
		};
/* End PBXVariantGroup section */

/* Begin XCBuildConfiguration section */
		8A37F835255E8842001EDE62 /* Debug */ = {
			isa = XCBuildConfiguration;
			buildSettings = {
				ALWAYS_SEARCH_USER_PATHS = NO;
				CLANG_ANALYZER_NONNULL = YES;
				CLANG_ANALYZER_NUMBER_OBJECT_CONVERSION = YES_AGGRESSIVE;
				CLANG_CXX_LANGUAGE_STANDARD = "gnu++14";
				CLANG_CXX_LIBRARY = "libc++";
				CLANG_ENABLE_MODULES = YES;
				CLANG_ENABLE_OBJC_ARC = YES;
				CLANG_ENABLE_OBJC_WEAK = YES;
				CLANG_WARN_BLOCK_CAPTURE_AUTORELEASING = YES;
				CLANG_WARN_BOOL_CONVERSION = YES;
				CLANG_WARN_COMMA = YES;
				CLANG_WARN_CONSTANT_CONVERSION = YES;
				CLANG_WARN_DEPRECATED_OBJC_IMPLEMENTATIONS = YES;
				CLANG_WARN_DIRECT_OBJC_ISA_USAGE = YES_ERROR;
				CLANG_WARN_DOCUMENTATION_COMMENTS = YES;
				CLANG_WARN_EMPTY_BODY = YES;
				CLANG_WARN_ENUM_CONVERSION = YES;
				CLANG_WARN_INFINITE_RECURSION = YES;
				CLANG_WARN_INT_CONVERSION = YES;
				CLANG_WARN_NON_LITERAL_NULL_CONVERSION = YES;
				CLANG_WARN_OBJC_IMPLICIT_RETAIN_SELF = YES;
				CLANG_WARN_OBJC_LITERAL_CONVERSION = YES;
				CLANG_WARN_OBJC_ROOT_CLASS = YES_ERROR;
				CLANG_WARN_QUOTED_INCLUDE_IN_FRAMEWORK_HEADER = YES;
				CLANG_WARN_RANGE_LOOP_ANALYSIS = YES;
				CLANG_WARN_STRICT_PROTOTYPES = YES;
				CLANG_WARN_SUSPICIOUS_MOVE = YES;
				CLANG_WARN_UNGUARDED_AVAILABILITY = YES_AGGRESSIVE;
				CLANG_WARN_UNREACHABLE_CODE = YES;
				CLANG_WARN__DUPLICATE_METHOD_MATCH = YES;
				COPY_PHASE_STRIP = NO;
				DEBUG_INFORMATION_FORMAT = dwarf;
				ENABLE_STRICT_OBJC_MSGSEND = YES;
				ENABLE_TESTABILITY = YES;
				GCC_C_LANGUAGE_STANDARD = gnu11;
				GCC_DYNAMIC_NO_PIC = NO;
				GCC_NO_COMMON_BLOCKS = YES;
				GCC_OPTIMIZATION_LEVEL = 0;
				GCC_PREPROCESSOR_DEFINITIONS = (
					"DEBUG=1",
					"$(inherited)",
				);
				GCC_WARN_64_TO_32_BIT_CONVERSION = YES;
				GCC_WARN_ABOUT_RETURN_TYPE = YES_ERROR;
				GCC_WARN_UNDECLARED_SELECTOR = YES;
				GCC_WARN_UNINITIALIZED_AUTOS = YES_AGGRESSIVE;
				GCC_WARN_UNUSED_FUNCTION = YES;
				GCC_WARN_UNUSED_VARIABLE = YES;
				IPHONEOS_DEPLOYMENT_TARGET = 14.0;
				MTL_ENABLE_DEBUG_INFO = INCLUDE_SOURCE;
				MTL_FAST_MATH = YES;
				ONLY_ACTIVE_ARCH = YES;
				SDKROOT = iphoneos;
				SWIFT_ACTIVE_COMPILATION_CONDITIONS = DEBUG;
				SWIFT_OPTIMIZATION_LEVEL = "-Onone";
			};
			name = Debug;
		};
		8A37F836255E8842001EDE62 /* Release */ = {
			isa = XCBuildConfiguration;
			buildSettings = {
				ALWAYS_SEARCH_USER_PATHS = NO;
				CLANG_ANALYZER_NONNULL = YES;
				CLANG_ANALYZER_NUMBER_OBJECT_CONVERSION = YES_AGGRESSIVE;
				CLANG_CXX_LANGUAGE_STANDARD = "gnu++14";
				CLANG_CXX_LIBRARY = "libc++";
				CLANG_ENABLE_MODULES = YES;
				CLANG_ENABLE_OBJC_ARC = YES;
				CLANG_ENABLE_OBJC_WEAK = YES;
				CLANG_WARN_BLOCK_CAPTURE_AUTORELEASING = YES;
				CLANG_WARN_BOOL_CONVERSION = YES;
				CLANG_WARN_COMMA = YES;
				CLANG_WARN_CONSTANT_CONVERSION = YES;
				CLANG_WARN_DEPRECATED_OBJC_IMPLEMENTATIONS = YES;
				CLANG_WARN_DIRECT_OBJC_ISA_USAGE = YES_ERROR;
				CLANG_WARN_DOCUMENTATION_COMMENTS = YES;
				CLANG_WARN_EMPTY_BODY = YES;
				CLANG_WARN_ENUM_CONVERSION = YES;
				CLANG_WARN_INFINITE_RECURSION = YES;
				CLANG_WARN_INT_CONVERSION = YES;
				CLANG_WARN_NON_LITERAL_NULL_CONVERSION = YES;
				CLANG_WARN_OBJC_IMPLICIT_RETAIN_SELF = YES;
				CLANG_WARN_OBJC_LITERAL_CONVERSION = YES;
				CLANG_WARN_OBJC_ROOT_CLASS = YES_ERROR;
				CLANG_WARN_QUOTED_INCLUDE_IN_FRAMEWORK_HEADER = YES;
				CLANG_WARN_RANGE_LOOP_ANALYSIS = YES;
				CLANG_WARN_STRICT_PROTOTYPES = YES;
				CLANG_WARN_SUSPICIOUS_MOVE = YES;
				CLANG_WARN_UNGUARDED_AVAILABILITY = YES_AGGRESSIVE;
				CLANG_WARN_UNREACHABLE_CODE = YES;
				CLANG_WARN__DUPLICATE_METHOD_MATCH = YES;
				COPY_PHASE_STRIP = NO;
				DEBUG_INFORMATION_FORMAT = "dwarf-with-dsym";
				ENABLE_NS_ASSERTIONS = NO;
				ENABLE_STRICT_OBJC_MSGSEND = YES;
				GCC_C_LANGUAGE_STANDARD = gnu11;
				GCC_NO_COMMON_BLOCKS = YES;
				GCC_WARN_64_TO_32_BIT_CONVERSION = YES;
				GCC_WARN_ABOUT_RETURN_TYPE = YES_ERROR;
				GCC_WARN_UNDECLARED_SELECTOR = YES;
				GCC_WARN_UNINITIALIZED_AUTOS = YES_AGGRESSIVE;
				GCC_WARN_UNUSED_FUNCTION = YES;
				GCC_WARN_UNUSED_VARIABLE = YES;
				IPHONEOS_DEPLOYMENT_TARGET = 14.0;
				MTL_ENABLE_DEBUG_INFO = NO;
				MTL_FAST_MATH = YES;
				SDKROOT = iphoneos;
				SWIFT_COMPILATION_MODE = wholemodule;
				SWIFT_OPTIMIZATION_LEVEL = "-O";
				VALIDATE_PRODUCT = YES;
			};
			name = Release;
		};
		8A37F838255E8842001EDE62 /* Debug */ = {
			isa = XCBuildConfiguration;
			buildSettings = {
				ASSETCATALOG_COMPILER_APPICON_NAME = AppIcon;
				ASSETCATALOG_COMPILER_GLOBAL_ACCENT_COLOR_NAME = AccentColor;
				CODE_SIGN_STYLE = Automatic;
				DEVELOPMENT_TEAM = 4P2H2GGVU2;
				INFOPLIST_FILE = WeatherTest/Info.plist;
				LD_RUNPATH_SEARCH_PATHS = (
					"$(inherited)",
					"@executable_path/Frameworks",
				);
				PRODUCT_BUNDLE_IDENTIFIER = "Pattarapol-Sawasdee.WeatherTest";
				PRODUCT_NAME = "$(TARGET_NAME)";
				SWIFT_VERSION = 5.0;
				TARGETED_DEVICE_FAMILY = "1,2";
			};
			name = Debug;
		};
		8A37F839255E8842001EDE62 /* Release */ = {
			isa = XCBuildConfiguration;
			buildSettings = {
				ASSETCATALOG_COMPILER_APPICON_NAME = AppIcon;
				ASSETCATALOG_COMPILER_GLOBAL_ACCENT_COLOR_NAME = AccentColor;
				CODE_SIGN_STYLE = Automatic;
				DEVELOPMENT_TEAM = 4P2H2GGVU2;
				INFOPLIST_FILE = WeatherTest/Info.plist;
				LD_RUNPATH_SEARCH_PATHS = (
					"$(inherited)",
					"@executable_path/Frameworks",
				);
				PRODUCT_BUNDLE_IDENTIFIER = "Pattarapol-Sawasdee.WeatherTest";
				PRODUCT_NAME = "$(TARGET_NAME)";
				SWIFT_VERSION = 5.0;
				TARGETED_DEVICE_FAMILY = "1,2";
			};
			name = Release;
		};
		8A37F83B255E8842001EDE62 /* Debug */ = {
			isa = XCBuildConfiguration;
			buildSettings = {
				ALWAYS_EMBED_SWIFT_STANDARD_LIBRARIES = YES;
				BUNDLE_LOADER = "$(TEST_HOST)";
				CODE_SIGN_STYLE = Automatic;
				DEVELOPMENT_TEAM = 4P2H2GGVU2;
				INFOPLIST_FILE = WeatherTestTests/Info.plist;
				IPHONEOS_DEPLOYMENT_TARGET = 14.0;
				LD_RUNPATH_SEARCH_PATHS = (
					"$(inherited)",
					"@executable_path/Frameworks",
					"@loader_path/Frameworks",
				);
				PRODUCT_BUNDLE_IDENTIFIER = "Pattarapol-Sawasdee.WeatherTestTests";
				PRODUCT_NAME = "$(TARGET_NAME)";
				SWIFT_VERSION = 5.0;
				TARGETED_DEVICE_FAMILY = "1,2";
				TEST_HOST = "$(BUILT_PRODUCTS_DIR)/WeatherTest.app/WeatherTest";
			};
			name = Debug;
		};
		8A37F83C255E8842001EDE62 /* Release */ = {
			isa = XCBuildConfiguration;
			buildSettings = {
				ALWAYS_EMBED_SWIFT_STANDARD_LIBRARIES = YES;
				BUNDLE_LOADER = "$(TEST_HOST)";
				CODE_SIGN_STYLE = Automatic;
				DEVELOPMENT_TEAM = 4P2H2GGVU2;
				INFOPLIST_FILE = WeatherTestTests/Info.plist;
				IPHONEOS_DEPLOYMENT_TARGET = 14.0;
				LD_RUNPATH_SEARCH_PATHS = (
					"$(inherited)",
					"@executable_path/Frameworks",
					"@loader_path/Frameworks",
				);
				PRODUCT_BUNDLE_IDENTIFIER = "Pattarapol-Sawasdee.WeatherTestTests";
				PRODUCT_NAME = "$(TARGET_NAME)";
				SWIFT_VERSION = 5.0;
				TARGETED_DEVICE_FAMILY = "1,2";
				TEST_HOST = "$(BUILT_PRODUCTS_DIR)/WeatherTest.app/WeatherTest";
			};
			name = Release;
		};
		8A37F83E255E8842001EDE62 /* Debug */ = {
			isa = XCBuildConfiguration;
			buildSettings = {
				ALWAYS_EMBED_SWIFT_STANDARD_LIBRARIES = YES;
				CODE_SIGN_STYLE = Automatic;
				DEVELOPMENT_TEAM = 4P2H2GGVU2;
				INFOPLIST_FILE = WeatherTestUITests/Info.plist;
				LD_RUNPATH_SEARCH_PATHS = (
					"$(inherited)",
					"@executable_path/Frameworks",
					"@loader_path/Frameworks",
				);
				PRODUCT_BUNDLE_IDENTIFIER = "Pattarapol-Sawasdee.WeatherTestUITests";
				PRODUCT_NAME = "$(TARGET_NAME)";
				SWIFT_VERSION = 5.0;
				TARGETED_DEVICE_FAMILY = "1,2";
				TEST_TARGET_NAME = WeatherTest;
			};
			name = Debug;
		};
		8A37F83F255E8842001EDE62 /* Release */ = {
			isa = XCBuildConfiguration;
			buildSettings = {
				ALWAYS_EMBED_SWIFT_STANDARD_LIBRARIES = YES;
				CODE_SIGN_STYLE = Automatic;
				DEVELOPMENT_TEAM = 4P2H2GGVU2;
				INFOPLIST_FILE = WeatherTestUITests/Info.plist;
				LD_RUNPATH_SEARCH_PATHS = (
					"$(inherited)",
					"@executable_path/Frameworks",
					"@loader_path/Frameworks",
				);
				PRODUCT_BUNDLE_IDENTIFIER = "Pattarapol-Sawasdee.WeatherTestUITests";
				PRODUCT_NAME = "$(TARGET_NAME)";
				SWIFT_VERSION = 5.0;
				TARGETED_DEVICE_FAMILY = "1,2";
				TEST_TARGET_NAME = WeatherTest;
			};
			name = Release;
		};
/* End XCBuildConfiguration section */

/* Begin XCConfigurationList section */
		8A37F808255E883D001EDE62 /* Build configuration list for PBXProject "WeatherTest" */ = {
			isa = XCConfigurationList;
			buildConfigurations = (
				8A37F835255E8842001EDE62 /* Debug */,
				8A37F836255E8842001EDE62 /* Release */,
			);
			defaultConfigurationIsVisible = 0;
			defaultConfigurationName = Release;
		};
		8A37F837255E8842001EDE62 /* Build configuration list for PBXNativeTarget "WeatherTest" */ = {
			isa = XCConfigurationList;
			buildConfigurations = (
				8A37F838255E8842001EDE62 /* Debug */,
				8A37F839255E8842001EDE62 /* Release */,
			);
			defaultConfigurationIsVisible = 0;
			defaultConfigurationName = Release;
		};
		8A37F83A255E8842001EDE62 /* Build configuration list for PBXNativeTarget "WeatherTestTests" */ = {
			isa = XCConfigurationList;
			buildConfigurations = (
				8A37F83B255E8842001EDE62 /* Debug */,
				8A37F83C255E8842001EDE62 /* Release */,
			);
			defaultConfigurationIsVisible = 0;
			defaultConfigurationName = Release;
		};
		8A37F83D255E8842001EDE62 /* Build configuration list for PBXNativeTarget "WeatherTestUITests" */ = {
			isa = XCConfigurationList;
			buildConfigurations = (
				8A37F83E255E8842001EDE62 /* Debug */,
				8A37F83F255E8842001EDE62 /* Release */,
			);
			defaultConfigurationIsVisible = 0;
			defaultConfigurationName = Release;
		};
/* End XCConfigurationList section */

/* Begin XCRemoteSwiftPackageReference section */
		8A37F889255EE52A001EDE62 /* XCRemoteSwiftPackageReference "Kingfisher" */ = {
			isa = XCRemoteSwiftPackageReference;
			repositoryURL = "https://github.com/onevcat/Kingfisher";
			requirement = {
				kind = upToNextMajorVersion;
				minimumVersion = 5.15.7;
			};
		};
		8A37F89E255EE899001EDE62 /* XCRemoteSwiftPackageReference "Moya" */ = {
			isa = XCRemoteSwiftPackageReference;
			repositoryURL = "https://github.com/Moya/Moya";
			requirement = {
				kind = upToNextMajorVersion;
				minimumVersion = 14.0.0;
			};
		};
/* End XCRemoteSwiftPackageReference section */

/* Begin XCSwiftPackageProductDependency section */
		8A37F88A255EE52A001EDE62 /* Kingfisher */ = {
			isa = XCSwiftPackageProductDependency;
			package = 8A37F889255EE52A001EDE62 /* XCRemoteSwiftPackageReference "Kingfisher" */;
			productName = Kingfisher;
		};
		8A37F89F255EE899001EDE62 /* Moya */ = {
			isa = XCSwiftPackageProductDependency;
			package = 8A37F89E255EE899001EDE62 /* XCRemoteSwiftPackageReference "Moya" */;
			productName = Moya;
		};
/* End XCSwiftPackageProductDependency section */
	};
	rootObject = 8A37F805255E883D001EDE62 /* Project object */;
}
